
Microsoft Visual Studio Solution File, Format Version 12.00
# Visual Studio Version 17
VisualStudioVersion = 17.1.32328.378
MinimumVisualStudioVersion = 10.0.40219.1
Project("{FAE04EC0-301F-11D3-BF4B-00C04F79EFBC}") = "Sea_battle", "Sea_battle\Sea_battle.csproj", "{70B97F66-7CC0-4D85-A49E-22E8EF1888AA}"
EndProject
Project("{54435603-DBB4-11D2-8724-00A0C9A8B90C}") = "installer", "installer\installer.vdproj", "{EC2D0A4E-E75D-4CF3-9E33-542BED74A5F4}"
EndProject
Global
	GlobalSection(SolutionConfigurationPlatforms) = preSolution
		Debug|Any CPU = Debug|Any CPU
		Release|Any CPU = Release|Any CPU
	EndGlobalSection
	GlobalSection(ProjectConfigurationPlatforms) = postSolution
		{70B97F66-7CC0-4D85-A49E-22E8EF1888AA}.Debug|Any CPU.ActiveCfg = Debug|Any CPU
		{70B97F66-7CC0-4D85-A49E-22E8EF1888AA}.Debug|Any CPU.Build.0 = Debug|Any CPU
		{70B97F66-7CC0-4D85-A49E-22E8EF1888AA}.Release|Any CPU.ActiveCfg = Release|Any CPU
		{70B97F66-7CC0-4D85-A49E-22E8EF1888AA}.Release|Any CPU.Build.0 = Release|Any CPU
		{EC2D0A4E-E75D-4CF3-9E33-542BED74A5F4}.Debug|Any CPU.ActiveCfg = Debug
		{EC2D0A4E-E75D-4CF3-9E33-542BED74A5F4}.Release|Any CPU.ActiveCfg = Release
	EndGlobalSection
	GlobalSection(SolutionProperties) = preSolution
		HideSolutionNode = FALSE
	EndGlobalSection
	GlobalSection(ExtensibilityGlobals) = postSolution
		SolutionGuid = {9639B60C-D8D1-4E22-A8AA-4F2324B690EE}
	EndGlobalSection
EndGlobal
